
Microsoft Visual Studio Solution File, Format Version 12.00
# Visual Studio Version 17
VisualStudioVersion = 17.1.32414.318
MinimumVisualStudioVersion = 10.0.40219.1
Project("{2150E333-8FDC-42A3-9474-1A3956D46DE8}") = "src", "src", "{3E4A229D-B31E-4239-871F-8A061C0ED765}"
EndProject
Project("{2150E333-8FDC-42A3-9474-1A3956D46DE8}") = "builder", "builder", "{9D83415C-BFF8-4B32-BCCD-479353373F15}"
EndProject
Project("{9A19103F-16F7-4668-BE54-9A1E7A4F7556}") = "CodeInTasks.Builder.Application", "src\builder\CodeInTasks.Builder.Application\CodeInTasks.Builder.Application.csproj", "{E4ED6A75-C242-4483-91B5-B0F03B0E77B1}"
EndProject
Project("{9A19103F-16F7-4668-BE54-9A1E7A4F7556}") = "CodeInTasks.Builder.Infrastructure", "src\builder\CodeInTasks.Builder.Infrastructure\CodeInTasks.Builder.Infrastructure.csproj", "{B377C97B-378B-44E6-8D78-9C04922C96AF}"
EndProject
Project("{9A19103F-16F7-4668-BE54-9A1E7A4F7556}") = "CodeInTasks.Builder.Web", "src\builder\CodeInTasks.Builder.Web\CodeInTasks.Builder.Web.csproj", "{2CDC06F7-4365-46B8-9B02-3087D4DAE436}"
EndProject
Project("{9A19103F-16F7-4668-BE54-9A1E7A4F7556}") = "CodeInTasks.Builder.Web.Models", "src\builder\CodeInTasks.Builder.Web.Models\CodeInTasks.Builder.Web.Models.csproj", "{B9066158-D95A-4A65-8F7B-F49CB12FAB46}"
EndProject
Project("{9A19103F-16F7-4668-BE54-9A1E7A4F7556}") = "CodeInTasks.Application", "src\CodeInTasks.Application\CodeInTasks.Application.csproj", "{C3903621-09BF-4913-A090-B0A078F0AA23}"
EndProject
Project("{9A19103F-16F7-4668-BE54-9A1E7A4F7556}") = "CodeInTasks.Infrastructure", "src\CodeInTasks.Infrastructure\CodeInTasks.Infrastructure.csproj", "{F1B07271-FE5B-4861-9E15-117DCA96DCE2}"
EndProject
Project("{9A19103F-16F7-4668-BE54-9A1E7A4F7556}") = "CodeInTasks.Web", "src\CodeInTasks.Web\CodeInTasks.Web.csproj", "{0417CD28-7F61-4ABC-91FF-20B4CAD5B3F8}"
EndProject
Project("{2150E333-8FDC-42A3-9474-1A3956D46DE8}") = "tests", "tests", "{8D8386CC-6537-49A6-87EA-17667F5F20C1}"
EndProject
Project("{2150E333-8FDC-42A3-9474-1A3956D46DE8}") = "builder", "builder", "{B54A5A52-7C41-41A9-81E5-C31614647855}"
EndProject
Project("{9A19103F-16F7-4668-BE54-9A1E7A4F7556}") = "CodeInTasks.Builder.Application.Tests", "tests\builder\CodeInTasks.Builder.Application.Tests\CodeInTasks.Builder.Application.Tests.csproj", "{E5EA4BBC-A54B-44D8-A0A0-FD9D9F0B53AD}"
EndProject
Project("{9A19103F-16F7-4668-BE54-9A1E7A4F7556}") = "CodeInTasks.Builder.Infrastructure.Tests", "tests\builder\CodeInTasks.Builder.Infrastructure.Tests\CodeInTasks.Builder.Infrastructure.Tests.csproj", "{FD953BB3-2B08-4D85-B88E-C85711F31F73}"
EndProject
Project("{9A19103F-16F7-4668-BE54-9A1E7A4F7556}") = "CodeInTasks.Builder.Web.Tests", "tests\builder\CodeInTasks.Builder.Web.Tests\CodeInTasks.Builder.Web.Tests.csproj", "{DA421BD6-7EB5-4825-9AD9-97E1897E6A02}"
EndProject
Project("{9A19103F-16F7-4668-BE54-9A1E7A4F7556}") = "CodeInTasks.Application.Tests", "tests\CodeInTasks.Application.Tests\CodeInTasks.Application.Tests.csproj", "{D64804DB-BF7E-44B2-8178-9773A5EEE1DC}"
EndProject
Project("{9A19103F-16F7-4668-BE54-9A1E7A4F7556}") = "CodeInTasks.Infrastructure.Tests", "tests\CodeInTasks.Infrastructure.Tests\CodeInTasks.Infrastructure.Tests.csproj", "{DC8E13EB-6C8E-4F2A-B5D3-6B3904F3AE45}"
EndProject
Project("{9A19103F-16F7-4668-BE54-9A1E7A4F7556}") = "CodeInTasks.Web.Tests", "tests\CodeInTasks.Web.Tests\CodeInTasks.Web.Tests.csproj", "{6A8864FF-F5FA-4A35-9811-755C110DE9C8}"
EndProject
Global
	GlobalSection(SolutionConfigurationPlatforms) = preSolution
		Debug|Any CPU = Debug|Any CPU
		Release|Any CPU = Release|Any CPU
	EndGlobalSection
	GlobalSection(ProjectConfigurationPlatforms) = postSolution
		{E4ED6A75-C242-4483-91B5-B0F03B0E77B1}.Debug|Any CPU.ActiveCfg = Debug|Any CPU
		{E4ED6A75-C242-4483-91B5-B0F03B0E77B1}.Debug|Any CPU.Build.0 = Debug|Any CPU
		{E4ED6A75-C242-4483-91B5-B0F03B0E77B1}.Release|Any CPU.ActiveCfg = Release|Any CPU
		{E4ED6A75-C242-4483-91B5-B0F03B0E77B1}.Release|Any CPU.Build.0 = Release|Any CPU
		{B377C97B-378B-44E6-8D78-9C04922C96AF}.Debug|Any CPU.ActiveCfg = Debug|Any CPU
		{B377C97B-378B-44E6-8D78-9C04922C96AF}.Debug|Any CPU.Build.0 = Debug|Any CPU
		{B377C97B-378B-44E6-8D78-9C04922C96AF}.Release|Any CPU.ActiveCfg = Release|Any CPU
		{B377C97B-378B-44E6-8D78-9C04922C96AF}.Release|Any CPU.Build.0 = Release|Any CPU
		{2CDC06F7-4365-46B8-9B02-3087D4DAE436}.Debug|Any CPU.ActiveCfg = Debug|Any CPU
		{2CDC06F7-4365-46B8-9B02-3087D4DAE436}.Debug|Any CPU.Build.0 = Debug|Any CPU
		{2CDC06F7-4365-46B8-9B02-3087D4DAE436}.Release|Any CPU.ActiveCfg = Release|Any CPU
		{2CDC06F7-4365-46B8-9B02-3087D4DAE436}.Release|Any CPU.Build.0 = Release|Any CPU
		{B9066158-D95A-4A65-8F7B-F49CB12FAB46}.Debug|Any CPU.ActiveCfg = Debug|Any CPU
		{B9066158-D95A-4A65-8F7B-F49CB12FAB46}.Debug|Any CPU.Build.0 = Debug|Any CPU
		{B9066158-D95A-4A65-8F7B-F49CB12FAB46}.Release|Any CPU.ActiveCfg = Release|Any CPU
		{B9066158-D95A-4A65-8F7B-F49CB12FAB46}.Release|Any CPU.Build.0 = Release|Any CPU
		{C3903621-09BF-4913-A090-B0A078F0AA23}.Debug|Any CPU.ActiveCfg = Debug|Any CPU
		{C3903621-09BF-4913-A090-B0A078F0AA23}.Debug|Any CPU.Build.0 = Debug|Any CPU
		{C3903621-09BF-4913-A090-B0A078F0AA23}.Release|Any CPU.ActiveCfg = Release|Any CPU
		{C3903621-09BF-4913-A090-B0A078F0AA23}.Release|Any CPU.Build.0 = Release|Any CPU
		{F1B07271-FE5B-4861-9E15-117DCA96DCE2}.Debug|Any CPU.ActiveCfg = Debug|Any CPU
		{F1B07271-FE5B-4861-9E15-117DCA96DCE2}.Debug|Any CPU.Build.0 = Debug|Any CPU
		{F1B07271-FE5B-4861-9E15-117DCA96DCE2}.Release|Any CPU.ActiveCfg = Release|Any CPU
		{F1B07271-FE5B-4861-9E15-117DCA96DCE2}.Release|Any CPU.Build.0 = Release|Any CPU
		{0417CD28-7F61-4ABC-91FF-20B4CAD5B3F8}.Debug|Any CPU.ActiveCfg = Debug|Any CPU
		{0417CD28-7F61-4ABC-91FF-20B4CAD5B3F8}.Debug|Any CPU.Build.0 = Debug|Any CPU
		{0417CD28-7F61-4ABC-91FF-20B4CAD5B3F8}.Release|Any CPU.ActiveCfg = Release|Any CPU
		{0417CD28-7F61-4ABC-91FF-20B4CAD5B3F8}.Release|Any CPU.Build.0 = Release|Any CPU
		{E5EA4BBC-A54B-44D8-A0A0-FD9D9F0B53AD}.Debug|Any CPU.ActiveCfg = Debug|Any CPU
		{E5EA4BBC-A54B-44D8-A0A0-FD9D9F0B53AD}.Debug|Any CPU.Build.0 = Debug|Any CPU
		{E5EA4BBC-A54B-44D8-A0A0-FD9D9F0B53AD}.Release|Any CPU.ActiveCfg = Release|Any CPU
		{E5EA4BBC-A54B-44D8-A0A0-FD9D9F0B53AD}.Release|Any CPU.Build.0 = Release|Any CPU
		{FD953BB3-2B08-4D85-B88E-C85711F31F73}.Debug|Any CPU.ActiveCfg = Debug|Any CPU
		{FD953BB3-2B08-4D85-B88E-C85711F31F73}.Debug|Any CPU.Build.0 = Debug|Any CPU
		{FD953BB3-2B08-4D85-B88E-C85711F31F73}.Release|Any CPU.ActiveCfg = Release|Any CPU
		{FD953BB3-2B08-4D85-B88E-C85711F31F73}.Release|Any CPU.Build.0 = Release|Any CPU
		{DA421BD6-7EB5-4825-9AD9-97E1897E6A02}.Debug|Any CPU.ActiveCfg = Debug|Any CPU
		{DA421BD6-7EB5-4825-9AD9-97E1897E6A02}.Debug|Any CPU.Build.0 = Debug|Any CPU
		{DA421BD6-7EB5-4825-9AD9-97E1897E6A02}.Release|Any CPU.ActiveCfg = Release|Any CPU
		{DA421BD6-7EB5-4825-9AD9-97E1897E6A02}.Release|Any CPU.Build.0 = Release|Any CPU
		{D64804DB-BF7E-44B2-8178-9773A5EEE1DC}.Debug|Any CPU.ActiveCfg = Debug|Any CPU
		{D64804DB-BF7E-44B2-8178-9773A5EEE1DC}.Debug|Any CPU.Build.0 = Debug|Any CPU
		{D64804DB-BF7E-44B2-8178-9773A5EEE1DC}.Release|Any CPU.ActiveCfg = Release|Any CPU
		{D64804DB-BF7E-44B2-8178-9773A5EEE1DC}.Release|Any CPU.Build.0 = Release|Any CPU
		{DC8E13EB-6C8E-4F2A-B5D3-6B3904F3AE45}.Debug|Any CPU.ActiveCfg = Debug|Any CPU
		{DC8E13EB-6C8E-4F2A-B5D3-6B3904F3AE45}.Debug|Any CPU.Build.0 = Debug|Any CPU
		{DC8E13EB-6C8E-4F2A-B5D3-6B3904F3AE45}.Release|Any CPU.ActiveCfg = Release|Any CPU
		{DC8E13EB-6C8E-4F2A-B5D3-6B3904F3AE45}.Release|Any CPU.Build.0 = Release|Any CPU
		{6A8864FF-F5FA-4A35-9811-755C110DE9C8}.Debug|Any CPU.ActiveCfg = Debug|Any CPU
		{6A8864FF-F5FA-4A35-9811-755C110DE9C8}.Debug|Any CPU.Build.0 = Debug|Any CPU
		{6A8864FF-F5FA-4A35-9811-755C110DE9C8}.Release|Any CPU.ActiveCfg = Release|Any CPU
		{6A8864FF-F5FA-4A35-9811-755C110DE9C8}.Release|Any CPU.Build.0 = Release|Any CPU
	EndGlobalSection
	GlobalSection(SolutionProperties) = preSolution
		HideSolutionNode = FALSE
	EndGlobalSection
	GlobalSection(NestedProjects) = preSolution
		{9D83415C-BFF8-4B32-BCCD-479353373F15} = {3E4A229D-B31E-4239-871F-8A061C0ED765}
		{E4ED6A75-C242-4483-91B5-B0F03B0E77B1} = {9D83415C-BFF8-4B32-BCCD-479353373F15}
		{B377C97B-378B-44E6-8D78-9C04922C96AF} = {9D83415C-BFF8-4B32-BCCD-479353373F15}
		{2CDC06F7-4365-46B8-9B02-3087D4DAE436} = {9D83415C-BFF8-4B32-BCCD-479353373F15}
		{B9066158-D95A-4A65-8F7B-F49CB12FAB46} = {9D83415C-BFF8-4B32-BCCD-479353373F15}
		{C3903621-09BF-4913-A090-B0A078F0AA23} = {3E4A229D-B31E-4239-871F-8A061C0ED765}
		{F1B07271-FE5B-4861-9E15-117DCA96DCE2} = {3E4A229D-B31E-4239-871F-8A061C0ED765}
		{0417CD28-7F61-4ABC-91FF-20B4CAD5B3F8} = {3E4A229D-B31E-4239-871F-8A061C0ED765}
		{B54A5A52-7C41-41A9-81E5-C31614647855} = {8D8386CC-6537-49A6-87EA-17667F5F20C1}
		{E5EA4BBC-A54B-44D8-A0A0-FD9D9F0B53AD} = {B54A5A52-7C41-41A9-81E5-C31614647855}
		{FD953BB3-2B08-4D85-B88E-C85711F31F73} = {B54A5A52-7C41-41A9-81E5-C31614647855}
		{DA421BD6-7EB5-4825-9AD9-97E1897E6A02} = {B54A5A52-7C41-41A9-81E5-C31614647855}
		{D64804DB-BF7E-44B2-8178-9773A5EEE1DC} = {8D8386CC-6537-49A6-87EA-17667F5F20C1}
		{DC8E13EB-6C8E-4F2A-B5D3-6B3904F3AE45} = {8D8386CC-6537-49A6-87EA-17667F5F20C1}
		{6A8864FF-F5FA-4A35-9811-755C110DE9C8} = {8D8386CC-6537-49A6-87EA-17667F5F20C1}
	EndGlobalSection
	GlobalSection(ExtensibilityGlobals) = postSolution
		SolutionGuid = {364C5C2E-47B0-40C3-92C2-F3D20C28D0CD}
	EndGlobalSection
EndGlobal
