
Microsoft Visual Studio Solution File, Format Version 12.00
# Visual Studio Version 17
VisualStudioVersion = 17.1.32414.318
MinimumVisualStudioVersion = 10.0.40219.1
Project("{2150E333-8FDC-42A3-9474-1A3956D46DE8}") = "src", "src", "{3E4A229D-B31E-4239-871F-8A061C0ED765}"
EndProject
Project("{9A19103F-16F7-4668-BE54-9A1E7A4F7556}") = "CodeInTasks.Application", "src\CodeInTasks.Application\CodeInTasks.Application.csproj", "{C3903621-09BF-4913-A090-B0A078F0AA23}"
EndProject
Project("{9A19103F-16F7-4668-BE54-9A1E7A4F7556}") = "CodeInTasks.Infrastructure", "src\CodeInTasks.Infrastructure\CodeInTasks.Infrastructure.csproj", "{F1B07271-FE5B-4861-9E15-117DCA96DCE2}"
EndProject
Project("{9A19103F-16F7-4668-BE54-9A1E7A4F7556}") = "CodeInTasks.Web", "src\CodeInTasks.Web\CodeInTasks.Web.csproj", "{0417CD28-7F61-4ABC-91FF-20B4CAD5B3F8}"
EndProject
Project("{2150E333-8FDC-42A3-9474-1A3956D46DE8}") = "tests", "tests", "{8D8386CC-6537-49A6-87EA-17667F5F20C1}"
EndProject
Project("{9A19103F-16F7-4668-BE54-9A1E7A4F7556}") = "CodeInTasks.Application.Tests", "tests\CodeInTasks.Application.Tests\CodeInTasks.Application.Tests.csproj", "{D64804DB-BF7E-44B2-8178-9773A5EEE1DC}"
EndProject
Project("{9A19103F-16F7-4668-BE54-9A1E7A4F7556}") = "CodeInTasks.Infrastructure.Tests", "tests\CodeInTasks.Infrastructure.Tests\CodeInTasks.Infrastructure.Tests.csproj", "{DC8E13EB-6C8E-4F2A-B5D3-6B3904F3AE45}"
EndProject
Project("{9A19103F-16F7-4668-BE54-9A1E7A4F7556}") = "CodeInTasks.Web.Tests", "tests\CodeInTasks.Web.Tests\CodeInTasks.Web.Tests.csproj", "{6A8864FF-F5FA-4A35-9811-755C110DE9C8}"
EndProject
Project("{9A19103F-16F7-4668-BE54-9A1E7A4F7556}") = "CodeInTasks.Domain", "src\CodeInTasks.Domain\CodeInTasks.Domain.csproj", "{CA39829D-4030-4FD5-B200-20A78170D62C}"
EndProject
Project("{9A19103F-16F7-4668-BE54-9A1E7A4F7556}") = "CodeInTasks.Application.Abstractions", "src\CodeInTasks.Application.Abstractions\CodeInTasks.Application.Abstractions.csproj", "{2BE9602F-68D9-40D3-B63D-70DA7FD44F3F}"
EndProject
Project("{9A19103F-16F7-4668-BE54-9A1E7A4F7556}") = "CodeInTasks.Web.Models", "src\CodeInTasks.Web.Models\CodeInTasks.Web.Models.csproj", "{8CDFB7FC-504F-4561-8CE0-4D8F270874F8}"
EndProject
Project("{9A19103F-16F7-4668-BE54-9A1E7A4F7556}") = "CodeInTasks.Infrastructure.Persistance", "src\CodeInTasks.Infrastructure.Persistance\CodeInTasks.Infrastructure.Persistance.csproj", "{A8766836-4D6B-4C36-887A-A8D8043BC86F}"
EndProject
Project("{9A19103F-16F7-4668-BE54-9A1E7A4F7556}") = "CodeInTasks.Infrastructure.Persistance.Tests", "tests\CodeInTasks.Infrastructure.Persistance.Tests\CodeInTasks.Infrastructure.Persistance.Tests.csproj", "{922939E0-013A-40B9-809A-BD1945AFE308}"
EndProject
Project("{9A19103F-16F7-4668-BE54-9A1E7A4F7556}") = "CodeInTasks.Infrastructure.Queues.Shared", "src\CodeInTasks.Infrastructure.Queues.Shared\CodeInTasks.Infrastructure.Queues.Shared.csproj", "{11930D81-53EA-4FED-98AF-422FA965B0F8}"
EndProject
Project("{9A19103F-16F7-4668-BE54-9A1E7A4F7556}") = "CodeInTasks.Infrastructure.Wrappers", "src\CodeInTasks.Infrastructure.Wrappers\CodeInTasks.Infrastructure.Wrappers.csproj", "{95C0F957-AA15-48B0-950A-37C9716ACD8C}"
EndProject
Project("{9A19103F-16F7-4668-BE54-9A1E7A4F7556}") = "CodeInTasks.Seeding", "src\CodeInTasks.Seeding\CodeInTasks.Seeding.csproj", "{E94AF60D-D69F-4C6B-B8CA-2261CCBB4797}"
EndProject
Project("{FAE04EC0-301F-11D3-BF4B-00C04F79EFBC}") = "CodeInTasks.SharedTestHelpers", "tests\CodeInTasks.SharedTestHelpers\CodeInTasks.SharedTestHelpers.csproj", "{1832ACC5-92C6-427E-835A-AA42E64C017A}"
EndProject
Global
	GlobalSection(SolutionConfigurationPlatforms) = preSolution
		Debug|Any CPU = Debug|Any CPU
		Release|Any CPU = Release|Any CPU
	EndGlobalSection
	GlobalSection(ProjectConfigurationPlatforms) = postSolution
		{C3903621-09BF-4913-A090-B0A078F0AA23}.Debug|Any CPU.ActiveCfg = Debug|Any CPU
		{C3903621-09BF-4913-A090-B0A078F0AA23}.Debug|Any CPU.Build.0 = Debug|Any CPU
		{C3903621-09BF-4913-A090-B0A078F0AA23}.Release|Any CPU.ActiveCfg = Release|Any CPU
		{C3903621-09BF-4913-A090-B0A078F0AA23}.Release|Any CPU.Build.0 = Release|Any CPU
		{F1B07271-FE5B-4861-9E15-117DCA96DCE2}.Debug|Any CPU.ActiveCfg = Debug|Any CPU
		{F1B07271-FE5B-4861-9E15-117DCA96DCE2}.Debug|Any CPU.Build.0 = Debug|Any CPU
		{F1B07271-FE5B-4861-9E15-117DCA96DCE2}.Release|Any CPU.ActiveCfg = Release|Any CPU
		{F1B07271-FE5B-4861-9E15-117DCA96DCE2}.Release|Any CPU.Build.0 = Release|Any CPU
		{0417CD28-7F61-4ABC-91FF-20B4CAD5B3F8}.Debug|Any CPU.ActiveCfg = Debug|Any CPU
		{0417CD28-7F61-4ABC-91FF-20B4CAD5B3F8}.Debug|Any CPU.Build.0 = Debug|Any CPU
		{0417CD28-7F61-4ABC-91FF-20B4CAD5B3F8}.Release|Any CPU.ActiveCfg = Release|Any CPU
		{0417CD28-7F61-4ABC-91FF-20B4CAD5B3F8}.Release|Any CPU.Build.0 = Release|Any CPU
		{D64804DB-BF7E-44B2-8178-9773A5EEE1DC}.Debug|Any CPU.ActiveCfg = Debug|Any CPU
		{D64804DB-BF7E-44B2-8178-9773A5EEE1DC}.Debug|Any CPU.Build.0 = Debug|Any CPU
		{D64804DB-BF7E-44B2-8178-9773A5EEE1DC}.Release|Any CPU.ActiveCfg = Release|Any CPU
		{D64804DB-BF7E-44B2-8178-9773A5EEE1DC}.Release|Any CPU.Build.0 = Release|Any CPU
		{DC8E13EB-6C8E-4F2A-B5D3-6B3904F3AE45}.Debug|Any CPU.ActiveCfg = Debug|Any CPU
		{DC8E13EB-6C8E-4F2A-B5D3-6B3904F3AE45}.Debug|Any CPU.Build.0 = Debug|Any CPU
		{DC8E13EB-6C8E-4F2A-B5D3-6B3904F3AE45}.Release|Any CPU.ActiveCfg = Release|Any CPU
		{DC8E13EB-6C8E-4F2A-B5D3-6B3904F3AE45}.Release|Any CPU.Build.0 = Release|Any CPU
		{6A8864FF-F5FA-4A35-9811-755C110DE9C8}.Debug|Any CPU.ActiveCfg = Debug|Any CPU
		{6A8864FF-F5FA-4A35-9811-755C110DE9C8}.Debug|Any CPU.Build.0 = Debug|Any CPU
		{6A8864FF-F5FA-4A35-9811-755C110DE9C8}.Release|Any CPU.ActiveCfg = Release|Any CPU
		{6A8864FF-F5FA-4A35-9811-755C110DE9C8}.Release|Any CPU.Build.0 = Release|Any CPU
		{CA39829D-4030-4FD5-B200-20A78170D62C}.Debug|Any CPU.ActiveCfg = Debug|Any CPU
		{CA39829D-4030-4FD5-B200-20A78170D62C}.Debug|Any CPU.Build.0 = Debug|Any CPU
		{CA39829D-4030-4FD5-B200-20A78170D62C}.Release|Any CPU.ActiveCfg = Release|Any CPU
		{CA39829D-4030-4FD5-B200-20A78170D62C}.Release|Any CPU.Build.0 = Release|Any CPU
		{2BE9602F-68D9-40D3-B63D-70DA7FD44F3F}.Debug|Any CPU.ActiveCfg = Debug|Any CPU
		{2BE9602F-68D9-40D3-B63D-70DA7FD44F3F}.Debug|Any CPU.Build.0 = Debug|Any CPU
		{2BE9602F-68D9-40D3-B63D-70DA7FD44F3F}.Release|Any CPU.ActiveCfg = Release|Any CPU
		{2BE9602F-68D9-40D3-B63D-70DA7FD44F3F}.Release|Any CPU.Build.0 = Release|Any CPU
		{8CDFB7FC-504F-4561-8CE0-4D8F270874F8}.Debug|Any CPU.ActiveCfg = Debug|Any CPU
		{8CDFB7FC-504F-4561-8CE0-4D8F270874F8}.Debug|Any CPU.Build.0 = Debug|Any CPU
		{8CDFB7FC-504F-4561-8CE0-4D8F270874F8}.Release|Any CPU.ActiveCfg = Release|Any CPU
		{8CDFB7FC-504F-4561-8CE0-4D8F270874F8}.Release|Any CPU.Build.0 = Release|Any CPU
		{A8766836-4D6B-4C36-887A-A8D8043BC86F}.Debug|Any CPU.ActiveCfg = Debug|Any CPU
		{A8766836-4D6B-4C36-887A-A8D8043BC86F}.Debug|Any CPU.Build.0 = Debug|Any CPU
		{A8766836-4D6B-4C36-887A-A8D8043BC86F}.Release|Any CPU.ActiveCfg = Release|Any CPU
		{A8766836-4D6B-4C36-887A-A8D8043BC86F}.Release|Any CPU.Build.0 = Release|Any CPU
		{922939E0-013A-40B9-809A-BD1945AFE308}.Debug|Any CPU.ActiveCfg = Debug|Any CPU
		{922939E0-013A-40B9-809A-BD1945AFE308}.Debug|Any CPU.Build.0 = Debug|Any CPU
		{922939E0-013A-40B9-809A-BD1945AFE308}.Release|Any CPU.ActiveCfg = Release|Any CPU
		{922939E0-013A-40B9-809A-BD1945AFE308}.Release|Any CPU.Build.0 = Release|Any CPU
		{11930D81-53EA-4FED-98AF-422FA965B0F8}.Debug|Any CPU.ActiveCfg = Debug|Any CPU
		{11930D81-53EA-4FED-98AF-422FA965B0F8}.Debug|Any CPU.Build.0 = Debug|Any CPU
		{11930D81-53EA-4FED-98AF-422FA965B0F8}.Release|Any CPU.ActiveCfg = Release|Any CPU
		{11930D81-53EA-4FED-98AF-422FA965B0F8}.Release|Any CPU.Build.0 = Release|Any CPU
		{95C0F957-AA15-48B0-950A-37C9716ACD8C}.Debug|Any CPU.ActiveCfg = Debug|Any CPU
		{95C0F957-AA15-48B0-950A-37C9716ACD8C}.Debug|Any CPU.Build.0 = Debug|Any CPU
		{95C0F957-AA15-48B0-950A-37C9716ACD8C}.Release|Any CPU.ActiveCfg = Release|Any CPU
		{95C0F957-AA15-48B0-950A-37C9716ACD8C}.Release|Any CPU.Build.0 = Release|Any CPU
		{E94AF60D-D69F-4C6B-B8CA-2261CCBB4797}.Debug|Any CPU.ActiveCfg = Debug|Any CPU
		{E94AF60D-D69F-4C6B-B8CA-2261CCBB4797}.Debug|Any CPU.Build.0 = Debug|Any CPU
		{E94AF60D-D69F-4C6B-B8CA-2261CCBB4797}.Release|Any CPU.ActiveCfg = Release|Any CPU
		{E94AF60D-D69F-4C6B-B8CA-2261CCBB4797}.Release|Any CPU.Build.0 = Release|Any CPU
		{1832ACC5-92C6-427E-835A-AA42E64C017A}.Debug|Any CPU.ActiveCfg = Debug|Any CPU
		{1832ACC5-92C6-427E-835A-AA42E64C017A}.Debug|Any CPU.Build.0 = Debug|Any CPU
		{1832ACC5-92C6-427E-835A-AA42E64C017A}.Release|Any CPU.ActiveCfg = Release|Any CPU
		{1832ACC5-92C6-427E-835A-AA42E64C017A}.Release|Any CPU.Build.0 = Release|Any CPU
	EndGlobalSection
	GlobalSection(SolutionProperties) = preSolution
		HideSolutionNode = FALSE
	EndGlobalSection
	GlobalSection(NestedProjects) = preSolution
		{C3903621-09BF-4913-A090-B0A078F0AA23} = {3E4A229D-B31E-4239-871F-8A061C0ED765}
		{F1B07271-FE5B-4861-9E15-117DCA96DCE2} = {3E4A229D-B31E-4239-871F-8A061C0ED765}
		{0417CD28-7F61-4ABC-91FF-20B4CAD5B3F8} = {3E4A229D-B31E-4239-871F-8A061C0ED765}
		{D64804DB-BF7E-44B2-8178-9773A5EEE1DC} = {8D8386CC-6537-49A6-87EA-17667F5F20C1}
		{DC8E13EB-6C8E-4F2A-B5D3-6B3904F3AE45} = {8D8386CC-6537-49A6-87EA-17667F5F20C1}
		{6A8864FF-F5FA-4A35-9811-755C110DE9C8} = {8D8386CC-6537-49A6-87EA-17667F5F20C1}
		{CA39829D-4030-4FD5-B200-20A78170D62C} = {3E4A229D-B31E-4239-871F-8A061C0ED765}
		{2BE9602F-68D9-40D3-B63D-70DA7FD44F3F} = {3E4A229D-B31E-4239-871F-8A061C0ED765}
		{8CDFB7FC-504F-4561-8CE0-4D8F270874F8} = {3E4A229D-B31E-4239-871F-8A061C0ED765}
		{A8766836-4D6B-4C36-887A-A8D8043BC86F} = {3E4A229D-B31E-4239-871F-8A061C0ED765}
		{922939E0-013A-40B9-809A-BD1945AFE308} = {8D8386CC-6537-49A6-87EA-17667F5F20C1}
		{11930D81-53EA-4FED-98AF-422FA965B0F8} = {3E4A229D-B31E-4239-871F-8A061C0ED765}
		{95C0F957-AA15-48B0-950A-37C9716ACD8C} = {3E4A229D-B31E-4239-871F-8A061C0ED765}
		{E94AF60D-D69F-4C6B-B8CA-2261CCBB4797} = {3E4A229D-B31E-4239-871F-8A061C0ED765}
		{1832ACC5-92C6-427E-835A-AA42E64C017A} = {8D8386CC-6537-49A6-87EA-17667F5F20C1}
	EndGlobalSection
	GlobalSection(ExtensibilityGlobals) = postSolution
		SolutionGuid = {364C5C2E-47B0-40C3-92C2-F3D20C28D0CD}
	EndGlobalSection
EndGlobal
