
Microsoft Visual Studio Solution File, Format Version 12.00
# Visual Studio Version 17
VisualStudioVersion = 17.2.32526.322
MinimumVisualStudioVersion = 10.0.40219.1
Project("{2150E333-8FDC-42A3-9474-1A3956D46DE8}") = "Builder", "Builder", "{5E9CBCFB-0E7D-47A7-A267-66B8CDD2F19E}"
EndProject
Project("{2150E333-8FDC-42A3-9474-1A3956D46DE8}") = "src", "src", "{DDC6DC35-6394-4318-858B-02BA51F16BE9}"
EndProject
Project("{9A19103F-16F7-4668-BE54-9A1E7A4F7556}") = "CodeInTasks.Builder", "Builder\src\CodeInTasks.Builder\CodeInTasks.Builder.csproj", "{E8B2A6C6-C593-4567-A8E0-86D156BC4C3E}"
EndProject
Project("{9A19103F-16F7-4668-BE54-9A1E7A4F7556}") = "CodeInTasks.Builder.Infrastructure", "Builder\src\CodeInTasks.Builder.Infrastructure\CodeInTasks.Builder.Infrastructure.csproj", "{B45066F3-2433-471E-9515-F256E2228955}"
	ProjectSection(ProjectDependencies) = postProject
		{4AFA9C61-82F1-4CA5-A17A-586CE29FA883} = {4AFA9C61-82F1-4CA5-A17A-586CE29FA883}
	EndProjectSection
EndProject
Project("{9A19103F-16F7-4668-BE54-9A1E7A4F7556}") = "CodeInTasks.Builder.Runtime", "Builder\src\CodeInTasks.Builder.Runtime\CodeInTasks.Builder.Runtime.csproj", "{623D3AC5-DC69-4239-B25D-2D10E2F02D28}"
EndProject
Project("{9A19103F-16F7-4668-BE54-9A1E7A4F7556}") = "CodeInTasks.Builder.Runtime.Abstractions", "Builder\src\CodeInTasks.Builder.Runtime.Abstractions\CodeInTasks.Builder.Runtime.Abstractions.csproj", "{339E3F01-5D7E-4485-B8D1-72596B6EF87C}"
	ProjectSection(ProjectDependencies) = postProject
		{39DED8F6-D8AF-47FF-AD72-50F3FE4A705D} = {39DED8F6-D8AF-47FF-AD72-50F3FE4A705D}
	EndProjectSection
EndProject
Project("{2150E333-8FDC-42A3-9474-1A3956D46DE8}") = "tests", "tests", "{892488FE-E443-4583-A34A-FD64E796C446}"
EndProject
Project("{9A19103F-16F7-4668-BE54-9A1E7A4F7556}") = "CodeInTasks.Builder.Infrastructure.Tests", "Builder\tests\CodeInTasks.Builder.Infrastructure.Tests\CodeInTasks.Builder.Infrastructure.Tests.csproj", "{47981EA5-C71B-47AA-8A65-7022EB2A2B7C}"
	ProjectSection(ProjectDependencies) = postProject
		{9A106204-327B-455A-A9D7-92A67E33EF24} = {9A106204-327B-455A-A9D7-92A67E33EF24}
	EndProjectSection
EndProject
Project("{9A19103F-16F7-4668-BE54-9A1E7A4F7556}") = "CodeInTasks.Builder.Runtime.Tests", "Builder\tests\CodeInTasks.Builder.Runtime.Tests\CodeInTasks.Builder.Runtime.Tests.csproj", "{C0E1ABE1-0740-4336-8919-5E2CC5E50D9B}"
EndProject
Project("{9A19103F-16F7-4668-BE54-9A1E7A4F7556}") = "CodeInTasks.Builder.Tests", "Builder\tests\CodeInTasks.Builder.Tests\CodeInTasks.Builder.Tests.csproj", "{6C9BD31C-E71A-4D83-BC46-54B898DA00FD}"
	ProjectSection(ProjectDependencies) = postProject
		{9A106204-327B-455A-A9D7-92A67E33EF24} = {9A106204-327B-455A-A9D7-92A67E33EF24}
	EndProjectSection
EndProject
Project("{2150E333-8FDC-42A3-9474-1A3956D46DE8}") = "Shared", "Shared", "{2F5C30BA-0EEF-431F-936F-F09BAB81B153}"
EndProject
Project("{2150E333-8FDC-42A3-9474-1A3956D46DE8}") = "src", "src", "{A511957A-E0FA-48E1-9054-31FC0C1A3BA7}"
EndProject
Project("{9A19103F-16F7-4668-BE54-9A1E7A4F7556}") = "CodeInTasks.Domain", "Shared\src\CodeInTasks.Domain\CodeInTasks.Domain.csproj", "{BF8D47FC-786B-4B76-9005-E537FF121FDB}"
EndProject
Project("{9A19103F-16F7-4668-BE54-9A1E7A4F7556}") = "CodeInTasks.Shared.Queues", "Shared\src\CodeInTasks.Shared.Queues\CodeInTasks.Shared.Queues.csproj", "{4AFA9C61-82F1-4CA5-A17A-586CE29FA883}"
EndProject
Project("{9A19103F-16F7-4668-BE54-9A1E7A4F7556}") = "CodeInTasks.Shared.Queues.Messages", "Shared\src\CodeInTasks.Shared.Queues.Messages\CodeInTasks.Shared.Queues.Messages.csproj", "{39DED8F6-D8AF-47FF-AD72-50F3FE4A705D}"
EndProject
Project("{9A19103F-16F7-4668-BE54-9A1E7A4F7556}") = "CodeInTasks.Shared.Wrappers", "Shared\src\CodeInTasks.Shared.Wrappers\CodeInTasks.Shared.Wrappers.csproj", "{B4CAAD36-BBF6-4CCA-97B7-427746EA2ED3}"
EndProject
Project("{2150E333-8FDC-42A3-9474-1A3956D46DE8}") = "tests", "tests", "{8E7AAF62-1B33-4971-94BF-E172D159DD55}"
EndProject
Project("{9A19103F-16F7-4668-BE54-9A1E7A4F7556}") = "CodeInTasks.Shared.Queues.Tests", "Shared\tests\CodeInTasks.Shared.Queues.Tests\CodeInTasks.Shared.Queues.Tests.csproj", "{5ADE6B64-7031-4D70-A985-D8B2E18AA383}"
EndProject
Project("{9A19103F-16F7-4668-BE54-9A1E7A4F7556}") = "CodeInTasks.Shared.TestHelpers", "Shared\tests\CodeInTasks.Shared.TestHelpers\CodeInTasks.Shared.TestHelpers.csproj", "{9A106204-327B-455A-A9D7-92A67E33EF24}"
EndProject
Project("{2150E333-8FDC-42A3-9474-1A3956D46DE8}") = "WebApi", "WebApi", "{8EA584A7-BE5E-4235-83A2-55707D1705B2}"
EndProject
Project("{2150E333-8FDC-42A3-9474-1A3956D46DE8}") = "src", "src", "{A66779A1-7C8D-4EDF-B1D9-FC405B1E5817}"
EndProject
Project("{9A19103F-16F7-4668-BE54-9A1E7A4F7556}") = "CodeInTasks.Application", "WebApi\src\CodeInTasks.Application\CodeInTasks.Application.csproj", "{96323E30-C8B4-4B60-AD4D-14C0DD17D03C}"
EndProject
Project("{9A19103F-16F7-4668-BE54-9A1E7A4F7556}") = "CodeInTasks.Application.Abstractions", "WebApi\src\CodeInTasks.Application.Abstractions\CodeInTasks.Application.Abstractions.csproj", "{D463FCD3-515B-4877-9A79-ADF231CABB19}"
	ProjectSection(ProjectDependencies) = postProject
		{BF8D47FC-786B-4B76-9005-E537FF121FDB} = {BF8D47FC-786B-4B76-9005-E537FF121FDB}
	EndProjectSection
EndProject
Project("{9A19103F-16F7-4668-BE54-9A1E7A4F7556}") = "CodeInTasks.Infrastructure", "WebApi\src\CodeInTasks.Infrastructure\CodeInTasks.Infrastructure.csproj", "{35E793BF-0C3A-4C99-AC22-93A802349899}"
	ProjectSection(ProjectDependencies) = postProject
		{39DED8F6-D8AF-47FF-AD72-50F3FE4A705D} = {39DED8F6-D8AF-47FF-AD72-50F3FE4A705D}
		{4AFA9C61-82F1-4CA5-A17A-586CE29FA883} = {4AFA9C61-82F1-4CA5-A17A-586CE29FA883}
		{B4CAAD36-BBF6-4CCA-97B7-427746EA2ED3} = {B4CAAD36-BBF6-4CCA-97B7-427746EA2ED3}
	EndProjectSection
EndProject
Project("{9A19103F-16F7-4668-BE54-9A1E7A4F7556}") = "CodeInTasks.Infrastructure.Persistance", "WebApi\src\CodeInTasks.Infrastructure.Persistance\CodeInTasks.Infrastructure.Persistance.csproj", "{B0F6B794-7D6F-40B8-951B-81869FDBDF88}"
EndProject
Project("{9A19103F-16F7-4668-BE54-9A1E7A4F7556}") = "CodeInTasks.Seeding", "WebApi\src\CodeInTasks.Seeding\CodeInTasks.Seeding.csproj", "{E64695C1-52D8-4E14-A8F8-57D87F7F36CA}"
EndProject
Project("{9A19103F-16F7-4668-BE54-9A1E7A4F7556}") = "CodeInTasks.Seeding.Runner", "WebApi\src\CodeInTasks.Seeding.Runner\CodeInTasks.Seeding.Runner.csproj", "{D9D2395E-AED0-41DB-A22B-8A0A78ED43D4}"
EndProject
Project("{9A19103F-16F7-4668-BE54-9A1E7A4F7556}") = "CodeInTasks.Web", "WebApi\src\CodeInTasks.Web\CodeInTasks.Web.csproj", "{1AF4F4C9-7BBC-4EFE-BBD2-65623AAA4762}"
EndProject
Project("{9A19103F-16F7-4668-BE54-9A1E7A4F7556}") = "CodeInTasks.Web.Models", "WebApi\src\CodeInTasks.Web.Models\CodeInTasks.Web.Models.csproj", "{50437644-39AE-425B-A2EE-5FB9E969F954}"
EndProject
Project("{2150E333-8FDC-42A3-9474-1A3956D46DE8}") = "tests", "tests", "{66E69D94-3FCB-4B45-9B69-17FA596FA902}"
EndProject
Project("{9A19103F-16F7-4668-BE54-9A1E7A4F7556}") = "CodeInTasks.Application.Tests", "WebApi\tests\CodeInTasks.Application.Tests\CodeInTasks.Application.Tests.csproj", "{43DD80DF-6643-4901-97A1-BAFCAA8B9509}"
	ProjectSection(ProjectDependencies) = postProject
		{9A106204-327B-455A-A9D7-92A67E33EF24} = {9A106204-327B-455A-A9D7-92A67E33EF24}
	EndProjectSection
EndProject
Project("{9A19103F-16F7-4668-BE54-9A1E7A4F7556}") = "CodeInTasks.Infrastructure.Persistance.Tests", "WebApi\tests\CodeInTasks.Infrastructure.Persistance.Tests\CodeInTasks.Infrastructure.Persistance.Tests.csproj", "{B23306B6-D5F3-4E67-8DAB-DCDD2F8AFBED}"
	ProjectSection(ProjectDependencies) = postProject
		{9A106204-327B-455A-A9D7-92A67E33EF24} = {9A106204-327B-455A-A9D7-92A67E33EF24}
	EndProjectSection
EndProject
Project("{9A19103F-16F7-4668-BE54-9A1E7A4F7556}") = "CodeInTasks.Infrastructure.Tests", "WebApi\tests\CodeInTasks.Infrastructure.Tests\CodeInTasks.Infrastructure.Tests.csproj", "{0CEC0F68-AA43-4CC2-9365-F1063B468FB1}"
	ProjectSection(ProjectDependencies) = postProject
		{9A106204-327B-455A-A9D7-92A67E33EF24} = {9A106204-327B-455A-A9D7-92A67E33EF24}
	EndProjectSection
EndProject
Project("{9A19103F-16F7-4668-BE54-9A1E7A4F7556}") = "CodeInTasks.Web.Tests", "WebApi\tests\CodeInTasks.Web.Tests\CodeInTasks.Web.Tests.csproj", "{9381DEEC-6EDB-4C60-A6A5-E57EB51F3F29}"
	ProjectSection(ProjectDependencies) = postProject
		{9A106204-327B-455A-A9D7-92A67E33EF24} = {9A106204-327B-455A-A9D7-92A67E33EF24}
	EndProjectSection
EndProject
Project("{FAE04EC0-301F-11D3-BF4B-00C04F79EFBC}") = "CodeInTasks.Shared.Queues.Abstractions", "Shared\src\CodeInTasks.Shared.Queues.Abstractions\CodeInTasks.Shared.Queues.Abstractions.csproj", "{AC6D6044-7C64-48F5-922E-8F8BA17DA3A9}"
EndProject
Global
	GlobalSection(SolutionConfigurationPlatforms) = preSolution
		Debug|Any CPU = Debug|Any CPU
		Release|Any CPU = Release|Any CPU
	EndGlobalSection
	GlobalSection(ProjectConfigurationPlatforms) = postSolution
		{E8B2A6C6-C593-4567-A8E0-86D156BC4C3E}.Debug|Any CPU.ActiveCfg = Debug|Any CPU
		{E8B2A6C6-C593-4567-A8E0-86D156BC4C3E}.Debug|Any CPU.Build.0 = Debug|Any CPU
		{E8B2A6C6-C593-4567-A8E0-86D156BC4C3E}.Release|Any CPU.ActiveCfg = Release|Any CPU
		{E8B2A6C6-C593-4567-A8E0-86D156BC4C3E}.Release|Any CPU.Build.0 = Release|Any CPU
		{B45066F3-2433-471E-9515-F256E2228955}.Debug|Any CPU.ActiveCfg = Debug|Any CPU
		{B45066F3-2433-471E-9515-F256E2228955}.Debug|Any CPU.Build.0 = Debug|Any CPU
		{B45066F3-2433-471E-9515-F256E2228955}.Release|Any CPU.ActiveCfg = Release|Any CPU
		{B45066F3-2433-471E-9515-F256E2228955}.Release|Any CPU.Build.0 = Release|Any CPU
		{623D3AC5-DC69-4239-B25D-2D10E2F02D28}.Debug|Any CPU.ActiveCfg = Debug|Any CPU
		{623D3AC5-DC69-4239-B25D-2D10E2F02D28}.Debug|Any CPU.Build.0 = Debug|Any CPU
		{623D3AC5-DC69-4239-B25D-2D10E2F02D28}.Release|Any CPU.ActiveCfg = Release|Any CPU
		{623D3AC5-DC69-4239-B25D-2D10E2F02D28}.Release|Any CPU.Build.0 = Release|Any CPU
		{339E3F01-5D7E-4485-B8D1-72596B6EF87C}.Debug|Any CPU.ActiveCfg = Debug|Any CPU
		{339E3F01-5D7E-4485-B8D1-72596B6EF87C}.Debug|Any CPU.Build.0 = Debug|Any CPU
		{339E3F01-5D7E-4485-B8D1-72596B6EF87C}.Release|Any CPU.ActiveCfg = Release|Any CPU
		{339E3F01-5D7E-4485-B8D1-72596B6EF87C}.Release|Any CPU.Build.0 = Release|Any CPU
		{47981EA5-C71B-47AA-8A65-7022EB2A2B7C}.Debug|Any CPU.ActiveCfg = Debug|Any CPU
		{47981EA5-C71B-47AA-8A65-7022EB2A2B7C}.Debug|Any CPU.Build.0 = Debug|Any CPU
		{47981EA5-C71B-47AA-8A65-7022EB2A2B7C}.Release|Any CPU.ActiveCfg = Release|Any CPU
		{47981EA5-C71B-47AA-8A65-7022EB2A2B7C}.Release|Any CPU.Build.0 = Release|Any CPU
		{C0E1ABE1-0740-4336-8919-5E2CC5E50D9B}.Debug|Any CPU.ActiveCfg = Debug|Any CPU
		{C0E1ABE1-0740-4336-8919-5E2CC5E50D9B}.Debug|Any CPU.Build.0 = Debug|Any CPU
		{C0E1ABE1-0740-4336-8919-5E2CC5E50D9B}.Release|Any CPU.ActiveCfg = Release|Any CPU
		{C0E1ABE1-0740-4336-8919-5E2CC5E50D9B}.Release|Any CPU.Build.0 = Release|Any CPU
		{6C9BD31C-E71A-4D83-BC46-54B898DA00FD}.Debug|Any CPU.ActiveCfg = Debug|Any CPU
		{6C9BD31C-E71A-4D83-BC46-54B898DA00FD}.Debug|Any CPU.Build.0 = Debug|Any CPU
		{6C9BD31C-E71A-4D83-BC46-54B898DA00FD}.Release|Any CPU.ActiveCfg = Release|Any CPU
		{6C9BD31C-E71A-4D83-BC46-54B898DA00FD}.Release|Any CPU.Build.0 = Release|Any CPU
		{BF8D47FC-786B-4B76-9005-E537FF121FDB}.Debug|Any CPU.ActiveCfg = Debug|Any CPU
		{BF8D47FC-786B-4B76-9005-E537FF121FDB}.Debug|Any CPU.Build.0 = Debug|Any CPU
		{BF8D47FC-786B-4B76-9005-E537FF121FDB}.Release|Any CPU.ActiveCfg = Release|Any CPU
		{BF8D47FC-786B-4B76-9005-E537FF121FDB}.Release|Any CPU.Build.0 = Release|Any CPU
		{4AFA9C61-82F1-4CA5-A17A-586CE29FA883}.Debug|Any CPU.ActiveCfg = Debug|Any CPU
		{4AFA9C61-82F1-4CA5-A17A-586CE29FA883}.Debug|Any CPU.Build.0 = Debug|Any CPU
		{4AFA9C61-82F1-4CA5-A17A-586CE29FA883}.Release|Any CPU.ActiveCfg = Release|Any CPU
		{4AFA9C61-82F1-4CA5-A17A-586CE29FA883}.Release|Any CPU.Build.0 = Release|Any CPU
		{39DED8F6-D8AF-47FF-AD72-50F3FE4A705D}.Debug|Any CPU.ActiveCfg = Debug|Any CPU
		{39DED8F6-D8AF-47FF-AD72-50F3FE4A705D}.Debug|Any CPU.Build.0 = Debug|Any CPU
		{39DED8F6-D8AF-47FF-AD72-50F3FE4A705D}.Release|Any CPU.ActiveCfg = Release|Any CPU
		{39DED8F6-D8AF-47FF-AD72-50F3FE4A705D}.Release|Any CPU.Build.0 = Release|Any CPU
		{B4CAAD36-BBF6-4CCA-97B7-427746EA2ED3}.Debug|Any CPU.ActiveCfg = Debug|Any CPU
		{B4CAAD36-BBF6-4CCA-97B7-427746EA2ED3}.Debug|Any CPU.Build.0 = Debug|Any CPU
		{B4CAAD36-BBF6-4CCA-97B7-427746EA2ED3}.Release|Any CPU.ActiveCfg = Release|Any CPU
		{B4CAAD36-BBF6-4CCA-97B7-427746EA2ED3}.Release|Any CPU.Build.0 = Release|Any CPU
		{5ADE6B64-7031-4D70-A985-D8B2E18AA383}.Debug|Any CPU.ActiveCfg = Debug|Any CPU
		{5ADE6B64-7031-4D70-A985-D8B2E18AA383}.Debug|Any CPU.Build.0 = Debug|Any CPU
		{5ADE6B64-7031-4D70-A985-D8B2E18AA383}.Release|Any CPU.ActiveCfg = Release|Any CPU
		{5ADE6B64-7031-4D70-A985-D8B2E18AA383}.Release|Any CPU.Build.0 = Release|Any CPU
		{9A106204-327B-455A-A9D7-92A67E33EF24}.Debug|Any CPU.ActiveCfg = Debug|Any CPU
		{9A106204-327B-455A-A9D7-92A67E33EF24}.Debug|Any CPU.Build.0 = Debug|Any CPU
		{9A106204-327B-455A-A9D7-92A67E33EF24}.Release|Any CPU.ActiveCfg = Release|Any CPU
		{9A106204-327B-455A-A9D7-92A67E33EF24}.Release|Any CPU.Build.0 = Release|Any CPU
		{96323E30-C8B4-4B60-AD4D-14C0DD17D03C}.Debug|Any CPU.ActiveCfg = Debug|Any CPU
		{96323E30-C8B4-4B60-AD4D-14C0DD17D03C}.Debug|Any CPU.Build.0 = Debug|Any CPU
		{96323E30-C8B4-4B60-AD4D-14C0DD17D03C}.Release|Any CPU.ActiveCfg = Release|Any CPU
		{96323E30-C8B4-4B60-AD4D-14C0DD17D03C}.Release|Any CPU.Build.0 = Release|Any CPU
		{D463FCD3-515B-4877-9A79-ADF231CABB19}.Debug|Any CPU.ActiveCfg = Debug|Any CPU
		{D463FCD3-515B-4877-9A79-ADF231CABB19}.Debug|Any CPU.Build.0 = Debug|Any CPU
		{D463FCD3-515B-4877-9A79-ADF231CABB19}.Release|Any CPU.ActiveCfg = Release|Any CPU
		{D463FCD3-515B-4877-9A79-ADF231CABB19}.Release|Any CPU.Build.0 = Release|Any CPU
		{35E793BF-0C3A-4C99-AC22-93A802349899}.Debug|Any CPU.ActiveCfg = Debug|Any CPU
		{35E793BF-0C3A-4C99-AC22-93A802349899}.Debug|Any CPU.Build.0 = Debug|Any CPU
		{35E793BF-0C3A-4C99-AC22-93A802349899}.Release|Any CPU.ActiveCfg = Release|Any CPU
		{35E793BF-0C3A-4C99-AC22-93A802349899}.Release|Any CPU.Build.0 = Release|Any CPU
		{B0F6B794-7D6F-40B8-951B-81869FDBDF88}.Debug|Any CPU.ActiveCfg = Debug|Any CPU
		{B0F6B794-7D6F-40B8-951B-81869FDBDF88}.Debug|Any CPU.Build.0 = Debug|Any CPU
		{B0F6B794-7D6F-40B8-951B-81869FDBDF88}.Release|Any CPU.ActiveCfg = Release|Any CPU
		{B0F6B794-7D6F-40B8-951B-81869FDBDF88}.Release|Any CPU.Build.0 = Release|Any CPU
		{E64695C1-52D8-4E14-A8F8-57D87F7F36CA}.Debug|Any CPU.ActiveCfg = Debug|Any CPU
		{E64695C1-52D8-4E14-A8F8-57D87F7F36CA}.Debug|Any CPU.Build.0 = Debug|Any CPU
		{E64695C1-52D8-4E14-A8F8-57D87F7F36CA}.Release|Any CPU.ActiveCfg = Release|Any CPU
		{E64695C1-52D8-4E14-A8F8-57D87F7F36CA}.Release|Any CPU.Build.0 = Release|Any CPU
		{D9D2395E-AED0-41DB-A22B-8A0A78ED43D4}.Debug|Any CPU.ActiveCfg = Debug|Any CPU
		{D9D2395E-AED0-41DB-A22B-8A0A78ED43D4}.Debug|Any CPU.Build.0 = Debug|Any CPU
		{D9D2395E-AED0-41DB-A22B-8A0A78ED43D4}.Release|Any CPU.ActiveCfg = Release|Any CPU
		{D9D2395E-AED0-41DB-A22B-8A0A78ED43D4}.Release|Any CPU.Build.0 = Release|Any CPU
		{1AF4F4C9-7BBC-4EFE-BBD2-65623AAA4762}.Debug|Any CPU.ActiveCfg = Debug|Any CPU
		{1AF4F4C9-7BBC-4EFE-BBD2-65623AAA4762}.Debug|Any CPU.Build.0 = Debug|Any CPU
		{1AF4F4C9-7BBC-4EFE-BBD2-65623AAA4762}.Release|Any CPU.ActiveCfg = Release|Any CPU
		{1AF4F4C9-7BBC-4EFE-BBD2-65623AAA4762}.Release|Any CPU.Build.0 = Release|Any CPU
		{50437644-39AE-425B-A2EE-5FB9E969F954}.Debug|Any CPU.ActiveCfg = Debug|Any CPU
		{50437644-39AE-425B-A2EE-5FB9E969F954}.Debug|Any CPU.Build.0 = Debug|Any CPU
		{50437644-39AE-425B-A2EE-5FB9E969F954}.Release|Any CPU.ActiveCfg = Release|Any CPU
		{50437644-39AE-425B-A2EE-5FB9E969F954}.Release|Any CPU.Build.0 = Release|Any CPU
		{43DD80DF-6643-4901-97A1-BAFCAA8B9509}.Debug|Any CPU.ActiveCfg = Debug|Any CPU
		{43DD80DF-6643-4901-97A1-BAFCAA8B9509}.Debug|Any CPU.Build.0 = Debug|Any CPU
		{43DD80DF-6643-4901-97A1-BAFCAA8B9509}.Release|Any CPU.ActiveCfg = Release|Any CPU
		{43DD80DF-6643-4901-97A1-BAFCAA8B9509}.Release|Any CPU.Build.0 = Release|Any CPU
		{B23306B6-D5F3-4E67-8DAB-DCDD2F8AFBED}.Debug|Any CPU.ActiveCfg = Debug|Any CPU
		{B23306B6-D5F3-4E67-8DAB-DCDD2F8AFBED}.Debug|Any CPU.Build.0 = Debug|Any CPU
		{B23306B6-D5F3-4E67-8DAB-DCDD2F8AFBED}.Release|Any CPU.ActiveCfg = Release|Any CPU
		{B23306B6-D5F3-4E67-8DAB-DCDD2F8AFBED}.Release|Any CPU.Build.0 = Release|Any CPU
		{0CEC0F68-AA43-4CC2-9365-F1063B468FB1}.Debug|Any CPU.ActiveCfg = Debug|Any CPU
		{0CEC0F68-AA43-4CC2-9365-F1063B468FB1}.Debug|Any CPU.Build.0 = Debug|Any CPU
		{0CEC0F68-AA43-4CC2-9365-F1063B468FB1}.Release|Any CPU.ActiveCfg = Release|Any CPU
		{0CEC0F68-AA43-4CC2-9365-F1063B468FB1}.Release|Any CPU.Build.0 = Release|Any CPU
		{9381DEEC-6EDB-4C60-A6A5-E57EB51F3F29}.Debug|Any CPU.ActiveCfg = Debug|Any CPU
		{9381DEEC-6EDB-4C60-A6A5-E57EB51F3F29}.Debug|Any CPU.Build.0 = Debug|Any CPU
		{9381DEEC-6EDB-4C60-A6A5-E57EB51F3F29}.Release|Any CPU.ActiveCfg = Release|Any CPU
		{9381DEEC-6EDB-4C60-A6A5-E57EB51F3F29}.Release|Any CPU.Build.0 = Release|Any CPU
		{AC6D6044-7C64-48F5-922E-8F8BA17DA3A9}.Debug|Any CPU.ActiveCfg = Debug|Any CPU
		{AC6D6044-7C64-48F5-922E-8F8BA17DA3A9}.Debug|Any CPU.Build.0 = Debug|Any CPU
		{AC6D6044-7C64-48F5-922E-8F8BA17DA3A9}.Release|Any CPU.ActiveCfg = Release|Any CPU
		{AC6D6044-7C64-48F5-922E-8F8BA17DA3A9}.Release|Any CPU.Build.0 = Release|Any CPU
	EndGlobalSection
	GlobalSection(SolutionProperties) = preSolution
		HideSolutionNode = FALSE
	EndGlobalSection
	GlobalSection(NestedProjects) = preSolution
		{DDC6DC35-6394-4318-858B-02BA51F16BE9} = {5E9CBCFB-0E7D-47A7-A267-66B8CDD2F19E}
		{E8B2A6C6-C593-4567-A8E0-86D156BC4C3E} = {DDC6DC35-6394-4318-858B-02BA51F16BE9}
		{B45066F3-2433-471E-9515-F256E2228955} = {DDC6DC35-6394-4318-858B-02BA51F16BE9}
		{623D3AC5-DC69-4239-B25D-2D10E2F02D28} = {DDC6DC35-6394-4318-858B-02BA51F16BE9}
		{339E3F01-5D7E-4485-B8D1-72596B6EF87C} = {DDC6DC35-6394-4318-858B-02BA51F16BE9}
		{892488FE-E443-4583-A34A-FD64E796C446} = {5E9CBCFB-0E7D-47A7-A267-66B8CDD2F19E}
		{47981EA5-C71B-47AA-8A65-7022EB2A2B7C} = {892488FE-E443-4583-A34A-FD64E796C446}
		{C0E1ABE1-0740-4336-8919-5E2CC5E50D9B} = {892488FE-E443-4583-A34A-FD64E796C446}
		{6C9BD31C-E71A-4D83-BC46-54B898DA00FD} = {892488FE-E443-4583-A34A-FD64E796C446}
		{A511957A-E0FA-48E1-9054-31FC0C1A3BA7} = {2F5C30BA-0EEF-431F-936F-F09BAB81B153}
		{BF8D47FC-786B-4B76-9005-E537FF121FDB} = {A511957A-E0FA-48E1-9054-31FC0C1A3BA7}
		{4AFA9C61-82F1-4CA5-A17A-586CE29FA883} = {A511957A-E0FA-48E1-9054-31FC0C1A3BA7}
		{39DED8F6-D8AF-47FF-AD72-50F3FE4A705D} = {A511957A-E0FA-48E1-9054-31FC0C1A3BA7}
		{B4CAAD36-BBF6-4CCA-97B7-427746EA2ED3} = {A511957A-E0FA-48E1-9054-31FC0C1A3BA7}
		{8E7AAF62-1B33-4971-94BF-E172D159DD55} = {2F5C30BA-0EEF-431F-936F-F09BAB81B153}
		{5ADE6B64-7031-4D70-A985-D8B2E18AA383} = {8E7AAF62-1B33-4971-94BF-E172D159DD55}
		{9A106204-327B-455A-A9D7-92A67E33EF24} = {8E7AAF62-1B33-4971-94BF-E172D159DD55}
		{A66779A1-7C8D-4EDF-B1D9-FC405B1E5817} = {8EA584A7-BE5E-4235-83A2-55707D1705B2}
		{96323E30-C8B4-4B60-AD4D-14C0DD17D03C} = {A66779A1-7C8D-4EDF-B1D9-FC405B1E5817}
		{D463FCD3-515B-4877-9A79-ADF231CABB19} = {A66779A1-7C8D-4EDF-B1D9-FC405B1E5817}
		{35E793BF-0C3A-4C99-AC22-93A802349899} = {A66779A1-7C8D-4EDF-B1D9-FC405B1E5817}
		{B0F6B794-7D6F-40B8-951B-81869FDBDF88} = {A66779A1-7C8D-4EDF-B1D9-FC405B1E5817}
		{E64695C1-52D8-4E14-A8F8-57D87F7F36CA} = {A66779A1-7C8D-4EDF-B1D9-FC405B1E5817}
		{D9D2395E-AED0-41DB-A22B-8A0A78ED43D4} = {A66779A1-7C8D-4EDF-B1D9-FC405B1E5817}
		{1AF4F4C9-7BBC-4EFE-BBD2-65623AAA4762} = {A66779A1-7C8D-4EDF-B1D9-FC405B1E5817}
		{50437644-39AE-425B-A2EE-5FB9E969F954} = {A66779A1-7C8D-4EDF-B1D9-FC405B1E5817}
		{66E69D94-3FCB-4B45-9B69-17FA596FA902} = {8EA584A7-BE5E-4235-83A2-55707D1705B2}
		{43DD80DF-6643-4901-97A1-BAFCAA8B9509} = {66E69D94-3FCB-4B45-9B69-17FA596FA902}
		{B23306B6-D5F3-4E67-8DAB-DCDD2F8AFBED} = {66E69D94-3FCB-4B45-9B69-17FA596FA902}
		{0CEC0F68-AA43-4CC2-9365-F1063B468FB1} = {66E69D94-3FCB-4B45-9B69-17FA596FA902}
		{9381DEEC-6EDB-4C60-A6A5-E57EB51F3F29} = {66E69D94-3FCB-4B45-9B69-17FA596FA902}
		{AC6D6044-7C64-48F5-922E-8F8BA17DA3A9} = {A511957A-E0FA-48E1-9054-31FC0C1A3BA7}
	EndGlobalSection
	GlobalSection(ExtensibilityGlobals) = postSolution
		SolutionGuid = {2FE037AA-67A8-4453-9FC4-F2F43E8337E9}
	EndGlobalSection
EndGlobal
